// !$*UTF8*$!
{
	archiveVersion = 1;
	classes = {
	};
	objectVersion = 56;
	objects = {

/* Begin PBXBuildFile section */
		727895162AEF6FB6003A6AA0 /* InstagramApp.swift in Sources */ = {isa = PBXBuildFile; fileRef = 727895152AEF6FB6003A6AA0 /* InstagramApp.swift */; };
		727895182AEF6FB6003A6AA0 /* ContentView.swift in Sources */ = {isa = PBXBuildFile; fileRef = 727895172AEF6FB6003A6AA0 /* ContentView.swift */; };
		7278951A2AEF6FB8003A6AA0 /* Assets.xcassets in Resources */ = {isa = PBXBuildFile; fileRef = 727895192AEF6FB8003A6AA0 /* Assets.xcassets */; };
		7278951D2AEF6FB8003A6AA0 /* Preview Assets.xcassets in Resources */ = {isa = PBXBuildFile; fileRef = 7278951C2AEF6FB8003A6AA0 /* Preview Assets.xcassets */; };
		727895272AEF6FB9003A6AA0 /* InstagramTests.swift in Sources */ = {isa = PBXBuildFile; fileRef = 727895262AEF6FB9003A6AA0 /* InstagramTests.swift */; };
		727895312AEF6FB9003A6AA0 /* InstagramUITests.swift in Sources */ = {isa = PBXBuildFile; fileRef = 727895302AEF6FB9003A6AA0 /* InstagramUITests.swift */; };
		727895332AEF6FB9003A6AA0 /* InstagramUITestsLaunchTests.swift in Sources */ = {isa = PBXBuildFile; fileRef = 727895322AEF6FB9003A6AA0 /* InstagramUITestsLaunchTests.swift */; };
		727895422AEF7012003A6AA0 /* SginInScreen.swift in Sources */ = {isa = PBXBuildFile; fileRef = 727895412AEF7012003A6AA0 /* SginInScreen.swift */; };
		727895442AEF7026003A6AA0 /* SginUpScreen.swift in Sources */ = {isa = PBXBuildFile; fileRef = 727895432AEF7026003A6AA0 /* SginUpScreen.swift */; };
		727895462AEF7E73003A6AA0 /* SginInScreen1.swift in Sources */ = {isa = PBXBuildFile; fileRef = 727895452AEF7E73003A6AA0 /* SginInScreen1.swift */; };
		727895482AEF7E88003A6AA0 /* SginUpScreen1.swift in Sources */ = {isa = PBXBuildFile; fileRef = 727895472AEF7E88003A6AA0 /* SginUpScreen1.swift */; };
/* End PBXBuildFile section */

/* Begin PBXContainerItemProxy section */
		727895232AEF6FB9003A6AA0 /* PBXContainerItemProxy */ = {
			isa = PBXContainerItemProxy;
			containerPortal = 7278950A2AEF6FB6003A6AA0 /* Project object */;
			proxyType = 1;
			remoteGlobalIDString = 727895112AEF6FB6003A6AA0;
			remoteInfo = Instagram;
		};
		7278952D2AEF6FB9003A6AA0 /* PBXContainerItemProxy */ = {
			isa = PBXContainerItemProxy;
			containerPortal = 7278950A2AEF6FB6003A6AA0 /* Project object */;
			proxyType = 1;
			remoteGlobalIDString = 727895112AEF6FB6003A6AA0;
			remoteInfo = Instagram;
		};
/* End PBXContainerItemProxy section */

/* Begin PBXFileReference section */
		727895122AEF6FB6003A6AA0 /* Instagram.app */ = {isa = PBXFileReference; explicitFileType = wrapper.application; includeInIndex = 0; path = Instagram.app; sourceTree = BUILT_PRODUCTS_DIR; };
		727895152AEF6FB6003A6AA0 /* InstagramApp.swift */ = {isa = PBXFileReference; lastKnownFileType = sourcecode.swift; path = InstagramApp.swift; sourceTree = "<group>"; };
		727895172AEF6FB6003A6AA0 /* ContentView.swift */ = {isa = PBXFileReference; lastKnownFileType = sourcecode.swift; path = ContentView.swift; sourceTree = "<group>"; };
		727895192AEF6FB8003A6AA0 /* Assets.xcassets */ = {isa = PBXFileReference; lastKnownFileType = folder.assetcatalog; path = Assets.xcassets; sourceTree = "<group>"; };
		7278951C2AEF6FB8003A6AA0 /* Preview Assets.xcassets */ = {isa = PBXFileReference; lastKnownFileType = folder.assetcatalog; path = "Preview Assets.xcassets"; sourceTree = "<group>"; };
		727895222AEF6FB9003A6AA0 /* InstagramTests.xctest */ = {isa = PBXFileReference; explicitFileType = wrapper.cfbundle; includeInIndex = 0; path = InstagramTests.xctest; sourceTree = BUILT_PRODUCTS_DIR; };
		727895262AEF6FB9003A6AA0 /* InstagramTests.swift */ = {isa = PBXFileReference; lastKnownFileType = sourcecode.swift; path = InstagramTests.swift; sourceTree = "<group>"; };
		7278952C2AEF6FB9003A6AA0 /* InstagramUITests.xctest */ = {isa = PBXFileReference; explicitFileType = wrapper.cfbundle; includeInIndex = 0; path = InstagramUITests.xctest; sourceTree = BUILT_PRODUCTS_DIR; };
		727895302AEF6FB9003A6AA0 /* InstagramUITests.swift */ = {isa = PBXFileReference; lastKnownFileType = sourcecode.swift; path = InstagramUITests.swift; sourceTree = "<group>"; };
		727895322AEF6FB9003A6AA0 /* InstagramUITestsLaunchTests.swift */ = {isa = PBXFileReference; lastKnownFileType = sourcecode.swift; path = InstagramUITestsLaunchTests.swift; sourceTree = "<group>"; };
		727895412AEF7012003A6AA0 /* SginInScreen.swift */ = {isa = PBXFileReference; lastKnownFileType = sourcecode.swift; path = SginInScreen.swift; sourceTree = "<group>"; };
		727895432AEF7026003A6AA0 /* SginUpScreen.swift */ = {isa = PBXFileReference; lastKnownFileType = sourcecode.swift; path = SginUpScreen.swift; sourceTree = "<group>"; };
		727895452AEF7E73003A6AA0 /* SginInScreen1.swift */ = {isa = PBXFileReference; lastKnownFileType = sourcecode.swift; path = SginInScreen1.swift; sourceTree = "<group>"; };
		727895472AEF7E88003A6AA0 /* SginUpScreen1.swift */ = {isa = PBXFileReference; lastKnownFileType = sourcecode.swift; path = SginUpScreen1.swift; sourceTree = "<group>"; };
/* End PBXFileReference section */

/* Begin PBXFrameworksBuildPhase section */
		7278950F2AEF6FB6003A6AA0 /* Frameworks */ = {
			isa = PBXFrameworksBuildPhase;
			buildActionMask = 2147483647;
			files = (
			);
			runOnlyForDeploymentPostprocessing = 0;
		};
		7278951F2AEF6FB9003A6AA0 /* Frameworks */ = {
			isa = PBXFrameworksBuildPhase;
			buildActionMask = 2147483647;
			files = (
			);
			runOnlyForDeploymentPostprocessing = 0;
		};
		727895292AEF6FB9003A6AA0 /* Frameworks */ = {
			isa = PBXFrameworksBuildPhase;
			buildActionMask = 2147483647;
			files = (
			);
			runOnlyForDeploymentPostprocessing = 0;
		};
/* End PBXFrameworksBuildPhase section */

/* Begin PBXGroup section */
		727895092AEF6FB6003A6AA0 = {
			isa = PBXGroup;
			children = (
				727895142AEF6FB6003A6AA0 /* Instagram */,
				727895252AEF6FB9003A6AA0 /* InstagramTests */,
				7278952F2AEF6FB9003A6AA0 /* InstagramUITests */,
				727895132AEF6FB6003A6AA0 /* Products */,
			);
			sourceTree = "<group>";
		};
		727895132AEF6FB6003A6AA0 /* Products */ = {
			isa = PBXGroup;
			children = (
				727895122AEF6FB6003A6AA0 /* Instagram.app */,
				727895222AEF6FB9003A6AA0 /* InstagramTests.xctest */,
				7278952C2AEF6FB9003A6AA0 /* InstagramUITests.xctest */,
			);
			name = Products;
			sourceTree = "<group>";
		};
		727895142AEF6FB6003A6AA0 /* Instagram */ = {
			isa = PBXGroup;
			children = (
				727895402AEF6FEA003A6AA0 /* screens */,
				7278953F2AEF6FD2003A6AA0 /* apputils */,
				7278951B2AEF6FB8003A6AA0 /* Preview Content */,
			);
			path = Instagram;
			sourceTree = "<group>";
		};
		7278951B2AEF6FB8003A6AA0 /* Preview Content */ = {
			isa = PBXGroup;
			children = (
				7278951C2AEF6FB8003A6AA0 /* Preview Assets.xcassets */,
			);
			path = "Preview Content";
			sourceTree = "<group>";
		};
		727895252AEF6FB9003A6AA0 /* InstagramTests */ = {
			isa = PBXGroup;
			children = (
				727895262AEF6FB9003A6AA0 /* InstagramTests.swift */,
			);
			path = InstagramTests;
			sourceTree = "<group>";
		};
		7278952F2AEF6FB9003A6AA0 /* InstagramUITests */ = {
			isa = PBXGroup;
			children = (
				727895302AEF6FB9003A6AA0 /* InstagramUITests.swift */,
				727895322AEF6FB9003A6AA0 /* InstagramUITestsLaunchTests.swift */,
			);
			path = InstagramUITests;
			sourceTree = "<group>";
		};
		7278953F2AEF6FD2003A6AA0 /* apputils */ = {
			isa = PBXGroup;
			children = (
				727895152AEF6FB6003A6AA0 /* InstagramApp.swift */,
				727895192AEF6FB8003A6AA0 /* Assets.xcassets */,
			);
			path = apputils;
			sourceTree = "<group>";
		};
		727895402AEF6FEA003A6AA0 /* screens */ = {
			isa = PBXGroup;
			children = (
				727895172AEF6FB6003A6AA0 /* ContentView.swift */,
				727895412AEF7012003A6AA0 /* SginInScreen.swift */,
				727895432AEF7026003A6AA0 /* SginUpScreen.swift */,
				727895452AEF7E73003A6AA0 /* SginInScreen1.swift */,
				727895472AEF7E88003A6AA0 /* SginUpScreen1.swift */,
			);
			path = screens;
			sourceTree = "<group>";
		};
/* End PBXGroup section */

/* Begin PBXNativeTarget section */
		727895112AEF6FB6003A6AA0 /* Instagram */ = {
			isa = PBXNativeTarget;
			buildConfigurationList = 727895362AEF6FB9003A6AA0 /* Build configuration list for PBXNativeTarget "Instagram" */;
			buildPhases = (
				7278950E2AEF6FB6003A6AA0 /* Sources */,
				7278950F2AEF6FB6003A6AA0 /* Frameworks */,
				727895102AEF6FB6003A6AA0 /* Resources */,
			);
			buildRules = (
			);
			dependencies = (
			);
			name = Instagram;
			productName = Instagram;
			productReference = 727895122AEF6FB6003A6AA0 /* Instagram.app */;
			productType = "com.apple.product-type.application";
		};
		727895212AEF6FB9003A6AA0 /* InstagramTests */ = {
			isa = PBXNativeTarget;
			buildConfigurationList = 727895392AEF6FB9003A6AA0 /* Build configuration list for PBXNativeTarget "InstagramTests" */;
			buildPhases = (
				7278951E2AEF6FB9003A6AA0 /* Sources */,
				7278951F2AEF6FB9003A6AA0 /* Frameworks */,
				727895202AEF6FB9003A6AA0 /* Resources */,
			);
			buildRules = (
			);
			dependencies = (
				727895242AEF6FB9003A6AA0 /* PBXTargetDependency */,
			);
			name = InstagramTests;
			productName = InstagramTests;
			productReference = 727895222AEF6FB9003A6AA0 /* InstagramTests.xctest */;
			productType = "com.apple.product-type.bundle.unit-test";
		};
		7278952B2AEF6FB9003A6AA0 /* InstagramUITests */ = {
			isa = PBXNativeTarget;
			buildConfigurationList = 7278953C2AEF6FB9003A6AA0 /* Build configuration list for PBXNativeTarget "InstagramUITests" */;
			buildPhases = (
				727895282AEF6FB9003A6AA0 /* Sources */,
				727895292AEF6FB9003A6AA0 /* Frameworks */,
				7278952A2AEF6FB9003A6AA0 /* Resources */,
			);
			buildRules = (
			);
			dependencies = (
				7278952E2AEF6FB9003A6AA0 /* PBXTargetDependency */,
			);
			name = InstagramUITests;
			productName = InstagramUITests;
			productReference = 7278952C2AEF6FB9003A6AA0 /* InstagramUITests.xctest */;
			productType = "com.apple.product-type.bundle.ui-testing";
		};
/* End PBXNativeTarget section */

/* Begin PBXProject section */
		7278950A2AEF6FB6003A6AA0 /* Project object */ = {
			isa = PBXProject;
			attributes = {
				BuildIndependentTargetsInParallel = 1;
				LastSwiftUpdateCheck = 1500;
				LastUpgradeCheck = 1500;
				TargetAttributes = {
					727895112AEF6FB6003A6AA0 = {
						CreatedOnToolsVersion = 15.0;
					};
					727895212AEF6FB9003A6AA0 = {
						CreatedOnToolsVersion = 15.0;
						TestTargetID = 727895112AEF6FB6003A6AA0;
					};
					7278952B2AEF6FB9003A6AA0 = {
						CreatedOnToolsVersion = 15.0;
						TestTargetID = 727895112AEF6FB6003A6AA0;
					};
				};
			};
			buildConfigurationList = 7278950D2AEF6FB6003A6AA0 /* Build configuration list for PBXProject "Instagram" */;
			compatibilityVersion = "Xcode 14.0";
			developmentRegion = en;
			hasScannedForEncodings = 0;
			knownRegions = (
				en,
				Base,
			);
			mainGroup = 727895092AEF6FB6003A6AA0;
			productRefGroup = 727895132AEF6FB6003A6AA0 /* Products */;
			projectDirPath = "";
			projectRoot = "";
			targets = (
				727895112AEF6FB6003A6AA0 /* Instagram */,
				727895212AEF6FB9003A6AA0 /* InstagramTests */,
				7278952B2AEF6FB9003A6AA0 /* InstagramUITests */,
			);
		};
/* End PBXProject section */

/* Begin PBXResourcesBuildPhase section */
		727895102AEF6FB6003A6AA0 /* Resources */ = {
			isa = PBXResourcesBuildPhase;
			buildActionMask = 2147483647;
			files = (
				7278951D2AEF6FB8003A6AA0 /* Preview Assets.xcassets in Resources */,
				7278951A2AEF6FB8003A6AA0 /* Assets.xcassets in Resources */,
			);
			runOnlyForDeploymentPostprocessing = 0;
		};
		727895202AEF6FB9003A6AA0 /* Resources */ = {
			isa = PBXResourcesBuildPhase;
			buildActionMask = 2147483647;
			files = (
			);
			runOnlyForDeploymentPostprocessing = 0;
		};
		7278952A2AEF6FB9003A6AA0 /* Resources */ = {
			isa = PBXResourcesBuildPhase;
			buildActionMask = 2147483647;
			files = (
			);
			runOnlyForDeploymentPostprocessing = 0;
		};
/* End PBXResourcesBuildPhase section */

/* Begin PBXSourcesBuildPhase section */
		7278950E2AEF6FB6003A6AA0 /* Sources */ = {
			isa = PBXSourcesBuildPhase;
			buildActionMask = 2147483647;
			files = (
				727895182AEF6FB6003A6AA0 /* ContentView.swift in Sources */,
				727895162AEF6FB6003A6AA0 /* InstagramApp.swift in Sources */,
				727895422AEF7012003A6AA0 /* SginInScreen.swift in Sources */,
				727895482AEF7E88003A6AA0 /* SginUpScreen1.swift in Sources */,
				727895462AEF7E73003A6AA0 /* SginInScreen1.swift in Sources */,
				727895442AEF7026003A6AA0 /* SginUpScreen.swift in Sources */,
			);
			runOnlyForDeploymentPostprocessing = 0;
		};
		7278951E2AEF6FB9003A6AA0 /* Sources */ = {
			isa = PBXSourcesBuildPhase;
			buildActionMask = 2147483647;
			files = (
				727895272AEF6FB9003A6AA0 /* InstagramTests.swift in Sources */,
			);
			runOnlyForDeploymentPostprocessing = 0;
		};
		727895282AEF6FB9003A6AA0 /* Sources */ = {
			isa = PBXSourcesBuildPhase;
			buildActionMask = 2147483647;
			files = (
				727895312AEF6FB9003A6AA0 /* InstagramUITests.swift in Sources */,
				727895332AEF6FB9003A6AA0 /* InstagramUITestsLaunchTests.swift in Sources */,
			);
			runOnlyForDeploymentPostprocessing = 0;
		};
/* End PBXSourcesBuildPhase section */

/* Begin PBXTargetDependency section */
		727895242AEF6FB9003A6AA0 /* PBXTargetDependency */ = {
			isa = PBXTargetDependency;
			target = 727895112AEF6FB6003A6AA0 /* Instagram */;
			targetProxy = 727895232AEF6FB9003A6AA0 /* PBXContainerItemProxy */;
		};
		7278952E2AEF6FB9003A6AA0 /* PBXTargetDependency */ = {
			isa = PBXTargetDependency;
			target = 727895112AEF6FB6003A6AA0 /* Instagram */;
			targetProxy = 7278952D2AEF6FB9003A6AA0 /* PBXContainerItemProxy */;
		};
/* End PBXTargetDependency section */

/* Begin XCBuildConfiguration section */
		727895342AEF6FB9003A6AA0 /* Debug */ = {
			isa = XCBuildConfiguration;
			buildSettings = {
				ALWAYS_SEARCH_USER_PATHS = NO;
				ASSETCATALOG_COMPILER_GENERATE_SWIFT_ASSET_SYMBOL_EXTENSIONS = YES;
				CLANG_ANALYZER_NONNULL = YES;
				CLANG_ANALYZER_NUMBER_OBJECT_CONVERSION = YES_AGGRESSIVE;
				CLANG_CXX_LANGUAGE_STANDARD = "gnu++20";
				CLANG_ENABLE_MODULES = YES;
				CLANG_ENABLE_OBJC_ARC = YES;
				CLANG_ENABLE_OBJC_WEAK = YES;
				CLANG_WARN_BLOCK_CAPTURE_AUTORELEASING = YES;
				CLANG_WARN_BOOL_CONVERSION = YES;
				CLANG_WARN_COMMA = YES;
				CLANG_WARN_CONSTANT_CONVERSION = YES;
				CLANG_WARN_DEPRECATED_OBJC_IMPLEMENTATIONS = YES;
				CLANG_WARN_DIRECT_OBJC_ISA_USAGE = YES_ERROR;
				CLANG_WARN_DOCUMENTATION_COMMENTS = YES;
				CLANG_WARN_EMPTY_BODY = YES;
				CLANG_WARN_ENUM_CONVERSION = YES;
				CLANG_WARN_INFINITE_RECURSION = YES;
				CLANG_WARN_INT_CONVERSION = YES;
				CLANG_WARN_NON_LITERAL_NULL_CONVERSION = YES;
				CLANG_WARN_OBJC_IMPLICIT_RETAIN_SELF = YES;
				CLANG_WARN_OBJC_LITERAL_CONVERSION = YES;
				CLANG_WARN_OBJC_ROOT_CLASS = YES_ERROR;
				CLANG_WARN_QUOTED_INCLUDE_IN_FRAMEWORK_HEADER = YES;
				CLANG_WARN_RANGE_LOOP_ANALYSIS = YES;
				CLANG_WARN_STRICT_PROTOTYPES = YES;
				CLANG_WARN_SUSPICIOUS_MOVE = YES;
				CLANG_WARN_UNGUARDED_AVAILABILITY = YES_AGGRESSIVE;
				CLANG_WARN_UNREACHABLE_CODE = YES;
				CLANG_WARN__DUPLICATE_METHOD_MATCH = YES;
				COPY_PHASE_STRIP = NO;
				DEBUG_INFORMATION_FORMAT = dwarf;
				ENABLE_STRICT_OBJC_MSGSEND = YES;
				ENABLE_TESTABILITY = YES;
				ENABLE_USER_SCRIPT_SANDBOXING = YES;
				GCC_C_LANGUAGE_STANDARD = gnu17;
				GCC_DYNAMIC_NO_PIC = NO;
				GCC_NO_COMMON_BLOCKS = YES;
				GCC_OPTIMIZATION_LEVEL = 0;
				GCC_PREPROCESSOR_DEFINITIONS = (
					"DEBUG=1",
					"$(inherited)",
				);
				GCC_WARN_64_TO_32_BIT_CONVERSION = YES;
				GCC_WARN_ABOUT_RETURN_TYPE = YES_ERROR;
				GCC_WARN_UNDECLARED_SELECTOR = YES;
				GCC_WARN_UNINITIALIZED_AUTOS = YES_AGGRESSIVE;
				GCC_WARN_UNUSED_FUNCTION = YES;
				GCC_WARN_UNUSED_VARIABLE = YES;
				IPHONEOS_DEPLOYMENT_TARGET = 17.0;
				LOCALIZATION_PREFERS_STRING_CATALOGS = YES;
				MTL_ENABLE_DEBUG_INFO = INCLUDE_SOURCE;
				MTL_FAST_MATH = YES;
				ONLY_ACTIVE_ARCH = YES;
				SDKROOT = iphoneos;
				SWIFT_ACTIVE_COMPILATION_CONDITIONS = "DEBUG $(inherited)";
				SWIFT_OPTIMIZATION_LEVEL = "-Onone";
			};
			name = Debug;
		};
		727895352AEF6FB9003A6AA0 /* Release */ = {
			isa = XCBuildConfiguration;
			buildSettings = {
				ALWAYS_SEARCH_USER_PATHS = NO;
				ASSETCATALOG_COMPILER_GENERATE_SWIFT_ASSET_SYMBOL_EXTENSIONS = YES;
				CLANG_ANALYZER_NONNULL = YES;
				CLANG_ANALYZER_NUMBER_OBJECT_CONVERSION = YES_AGGRESSIVE;
				CLANG_CXX_LANGUAGE_STANDARD = "gnu++20";
				CLANG_ENABLE_MODULES = YES;
				CLANG_ENABLE_OBJC_ARC = YES;
				CLANG_ENABLE_OBJC_WEAK = YES;
				CLANG_WARN_BLOCK_CAPTURE_AUTORELEASING = YES;
				CLANG_WARN_BOOL_CONVERSION = YES;
				CLANG_WARN_COMMA = YES;
				CLANG_WARN_CONSTANT_CONVERSION = YES;
				CLANG_WARN_DEPRECATED_OBJC_IMPLEMENTATIONS = YES;
				CLANG_WARN_DIRECT_OBJC_ISA_USAGE = YES_ERROR;
				CLANG_WARN_DOCUMENTATION_COMMENTS = YES;
				CLANG_WARN_EMPTY_BODY = YES;
				CLANG_WARN_ENUM_CONVERSION = YES;
				CLANG_WARN_INFINITE_RECURSION = YES;
				CLANG_WARN_INT_CONVERSION = YES;
				CLANG_WARN_NON_LITERAL_NULL_CONVERSION = YES;
				CLANG_WARN_OBJC_IMPLICIT_RETAIN_SELF = YES;
				CLANG_WARN_OBJC_LITERAL_CONVERSION = YES;
				CLANG_WARN_OBJC_ROOT_CLASS = YES_ERROR;
				CLANG_WARN_QUOTED_INCLUDE_IN_FRAMEWORK_HEADER = YES;
				CLANG_WARN_RANGE_LOOP_ANALYSIS = YES;
				CLANG_WARN_STRICT_PROTOTYPES = YES;
				CLANG_WARN_SUSPICIOUS_MOVE = YES;
				CLANG_WARN_UNGUARDED_AVAILABILITY = YES_AGGRESSIVE;
				CLANG_WARN_UNREACHABLE_CODE = YES;
				CLANG_WARN__DUPLICATE_METHOD_MATCH = YES;
				COPY_PHASE_STRIP = NO;
				DEBUG_INFORMATION_FORMAT = "dwarf-with-dsym";
				ENABLE_NS_ASSERTIONS = NO;
				ENABLE_STRICT_OBJC_MSGSEND = YES;
				ENABLE_USER_SCRIPT_SANDBOXING = YES;
				GCC_C_LANGUAGE_STANDARD = gnu17;
				GCC_NO_COMMON_BLOCKS = YES;
				GCC_WARN_64_TO_32_BIT_CONVERSION = YES;
				GCC_WARN_ABOUT_RETURN_TYPE = YES_ERROR;
				GCC_WARN_UNDECLARED_SELECTOR = YES;
				GCC_WARN_UNINITIALIZED_AUTOS = YES_AGGRESSIVE;
				GCC_WARN_UNUSED_FUNCTION = YES;
				GCC_WARN_UNUSED_VARIABLE = YES;
				IPHONEOS_DEPLOYMENT_TARGET = 17.0;
				LOCALIZATION_PREFERS_STRING_CATALOGS = YES;
				MTL_ENABLE_DEBUG_INFO = NO;
				MTL_FAST_MATH = YES;
				SDKROOT = iphoneos;
				SWIFT_COMPILATION_MODE = wholemodule;
				VALIDATE_PRODUCT = YES;
			};
			name = Release;
		};
		727895372AEF6FB9003A6AA0 /* Debug */ = {
			isa = XCBuildConfiguration;
			buildSettings = {
				ASSETCATALOG_COMPILER_APPICON_NAME = AppIcon;
				ASSETCATALOG_COMPILER_GLOBAL_ACCENT_COLOR_NAME = AccentColor;
				CODE_SIGN_STYLE = Automatic;
				CURRENT_PROJECT_VERSION = 1;
				DEVELOPMENT_ASSET_PATHS = "\"Instagram/Preview Content\"";
				ENABLE_PREVIEWS = YES;
				GENERATE_INFOPLIST_FILE = YES;
				INFOPLIST_KEY_UIApplicationSceneManifest_Generation = YES;
				INFOPLIST_KEY_UIApplicationSupportsIndirectInputEvents = YES;
				INFOPLIST_KEY_UILaunchScreen_Generation = YES;
				INFOPLIST_KEY_UISupportedInterfaceOrientations_iPad = "UIInterfaceOrientationPortrait UIInterfaceOrientationPortraitUpsideDown UIInterfaceOrientationLandscapeLeft UIInterfaceOrientationLandscapeRight";
				INFOPLIST_KEY_UISupportedInterfaceOrientations_iPhone = "UIInterfaceOrientationPortrait UIInterfaceOrientationLandscapeLeft UIInterfaceOrientationLandscapeRight";
				LD_RUNPATH_SEARCH_PATHS = (
					"$(inherited)",
					"@executable_path/Frameworks",
				);
				MARKETING_VERSION = 1.0;
				PRODUCT_BUNDLE_IDENTIFIER = com.apple.Instagram;
				PRODUCT_NAME = "$(TARGET_NAME)";
				SWIFT_EMIT_LOC_STRINGS = YES;
				SWIFT_VERSION = 5.0;
				TARGETED_DEVICE_FAMILY = "1,2";
			};
			name = Debug;
		};
		727895382AEF6FB9003A6AA0 /* Release */ = {
			isa = XCBuildConfiguration;
			buildSettings = {
				ASSETCATALOG_COMPILER_APPICON_NAME = AppIcon;
				ASSETCATALOG_COMPILER_GLOBAL_ACCENT_COLOR_NAME = AccentColor;
				CODE_SIGN_STYLE = Automatic;
				CURRENT_PROJECT_VERSION = 1;
				DEVELOPMENT_ASSET_PATHS = "\"Instagram/Preview Content\"";
				ENABLE_PREVIEWS = YES;
				GENERATE_INFOPLIST_FILE = YES;
				INFOPLIST_KEY_UIApplicationSceneManifest_Generation = YES;
				INFOPLIST_KEY_UIApplicationSupportsIndirectInputEvents = YES;
				INFOPLIST_KEY_UILaunchScreen_Generation = YES;
				INFOPLIST_KEY_UISupportedInterfaceOrientations_iPad = "UIInterfaceOrientationPortrait UIInterfaceOrientationPortraitUpsideDown UIInterfaceOrientationLandscapeLeft UIInterfaceOrientationLandscapeRight";
				INFOPLIST_KEY_UISupportedInterfaceOrientations_iPhone = "UIInterfaceOrientationPortrait UIInterfaceOrientationLandscapeLeft UIInterfaceOrientationLandscapeRight";
				LD_RUNPATH_SEARCH_PATHS = (
					"$(inherited)",
					"@executable_path/Frameworks",
				);
				MARKETING_VERSION = 1.0;
				PRODUCT_BUNDLE_IDENTIFIER = com.apple.Instagram;
				PRODUCT_NAME = "$(TARGET_NAME)";
				SWIFT_EMIT_LOC_STRINGS = YES;
				SWIFT_VERSION = 5.0;
				TARGETED_DEVICE_FAMILY = "1,2";
			};
			name = Release;
		};
		7278953A2AEF6FB9003A6AA0 /* Debug */ = {
			isa = XCBuildConfiguration;
			buildSettings = {
				ALWAYS_EMBED_SWIFT_STANDARD_LIBRARIES = YES;
				BUNDLE_LOADER = "$(TEST_HOST)";
				CODE_SIGN_STYLE = Automatic;
				CURRENT_PROJECT_VERSION = 1;
				GENERATE_INFOPLIST_FILE = YES;
				IPHONEOS_DEPLOYMENT_TARGET = 17.0;
				MARKETING_VERSION = 1.0;
				PRODUCT_BUNDLE_IDENTIFIER = com.apple.InstagramTests;
				PRODUCT_NAME = "$(TARGET_NAME)";
				SWIFT_EMIT_LOC_STRINGS = NO;
				SWIFT_VERSION = 5.0;
				TARGETED_DEVICE_FAMILY = "1,2";
				TEST_HOST = "$(BUILT_PRODUCTS_DIR)/Instagram.app/$(BUNDLE_EXECUTABLE_FOLDER_PATH)/Instagram";
			};
			name = Debug;
		};
		7278953B2AEF6FB9003A6AA0 /* Release */ = {
			isa = XCBuildConfiguration;
			buildSettings = {
				ALWAYS_EMBED_SWIFT_STANDARD_LIBRARIES = YES;
				BUNDLE_LOADER = "$(TEST_HOST)";
				CODE_SIGN_STYLE = Automatic;
				CURRENT_PROJECT_VERSION = 1;
				GENERATE_INFOPLIST_FILE = YES;
				IPHONEOS_DEPLOYMENT_TARGET = 17.0;
				MARKETING_VERSION = 1.0;
				PRODUCT_BUNDLE_IDENTIFIER = com.apple.InstagramTests;
				PRODUCT_NAME = "$(TARGET_NAME)";
				SWIFT_EMIT_LOC_STRINGS = NO;
				SWIFT_VERSION = 5.0;
				TARGETED_DEVICE_FAMILY = "1,2";
				TEST_HOST = "$(BUILT_PRODUCTS_DIR)/Instagram.app/$(BUNDLE_EXECUTABLE_FOLDER_PATH)/Instagram";
			};
			name = Release;
		};
		7278953D2AEF6FB9003A6AA0 /* Debug */ = {
			isa = XCBuildConfiguration;
			buildSettings = {
				ALWAYS_EMBED_SWIFT_STANDARD_LIBRARIES = YES;
				CODE_SIGN_STYLE = Automatic;
				CURRENT_PROJECT_VERSION = 1;
				GENERATE_INFOPLIST_FILE = YES;
				MARKETING_VERSION = 1.0;
				PRODUCT_BUNDLE_IDENTIFIER = com.apple.InstagramUITests;
				PRODUCT_NAME = "$(TARGET_NAME)";
				SWIFT_EMIT_LOC_STRINGS = NO;
				SWIFT_VERSION = 5.0;
				TARGETED_DEVICE_FAMILY = "1,2";
				TEST_TARGET_NAME = Instagram;
			};
			name = Debug;
		};
		7278953E2AEF6FB9003A6AA0 /* Release */ = {
			isa = XCBuildConfiguration;
			buildSettings = {
				ALWAYS_EMBED_SWIFT_STANDARD_LIBRARIES = YES;
				CODE_SIGN_STYLE = Automatic;
				CURRENT_PROJECT_VERSION = 1;
				GENERATE_INFOPLIST_FILE = YES;
				MARKETING_VERSION = 1.0;
				PRODUCT_BUNDLE_IDENTIFIER = com.apple.InstagramUITests;
				PRODUCT_NAME = "$(TARGET_NAME)";
				SWIFT_EMIT_LOC_STRINGS = NO;
				SWIFT_VERSION = 5.0;
				TARGETED_DEVICE_FAMILY = "1,2";
				TEST_TARGET_NAME = Instagram;
			};
			name = Release;
		};
/* End XCBuildConfiguration section */

/* Begin XCConfigurationList section */
		7278950D2AEF6FB6003A6AA0 /* Build configuration list for PBXProject "Instagram" */ = {
			isa = XCConfigurationList;
			buildConfigurations = (
				727895342AEF6FB9003A6AA0 /* Debug */,
				727895352AEF6FB9003A6AA0 /* Release */,
			);
			defaultConfigurationIsVisible = 0;
			defaultConfigurationName = Release;
		};
		727895362AEF6FB9003A6AA0 /* Build configuration list for PBXNativeTarget "Instagram" */ = {
			isa = XCConfigurationList;
			buildConfigurations = (
				727895372AEF6FB9003A6AA0 /* Debug */,
				727895382AEF6FB9003A6AA0 /* Release */,
			);
			defaultConfigurationIsVisible = 0;
			defaultConfigurationName = Release;
		};
		727895392AEF6FB9003A6AA0 /* Build configuration list for PBXNativeTarget "InstagramTests" */ = {
			isa = XCConfigurationList;
			buildConfigurations = (
				7278953A2AEF6FB9003A6AA0 /* Debug */,
				7278953B2AEF6FB9003A6AA0 /* Release */,
			);
			defaultConfigurationIsVisible = 0;
			defaultConfigurationName = Release;
		};
		7278953C2AEF6FB9003A6AA0 /* Build configuration list for PBXNativeTarget "InstagramUITests" */ = {
			isa = XCConfigurationList;
			buildConfigurations = (
				7278953D2AEF6FB9003A6AA0 /* Debug */,
				7278953E2AEF6FB9003A6AA0 /* Release */,
			);
			defaultConfigurationIsVisible = 0;
			defaultConfigurationName = Release;
		};
/* End XCConfigurationList section */
	};
	rootObject = 7278950A2AEF6FB6003A6AA0 /* Project object */;
}
